
Microsoft Visual Studio Solution File, Format Version 12.00
Project("{FAE04EC0-301F-11D3-BF4B-00C04F79EFBC}") = "UserManagement", "UserManagement\UserManagement.csproj", "{B6E4E108-B71C-4C4B-98AE-504AA10CCA7E}"
EndProject
Global
	GlobalSection(SolutionConfigurationPlatforms) = preSolution
		Debug|Any CPU = Debug|Any CPU
		Release|Any CPU = Release|Any CPU
	EndGlobalSection
	GlobalSection(ProjectConfigurationPlatforms) = postSolution
		{B6E4E108-B71C-4C4B-98AE-504AA10CCA7E}.Debug|Any CPU.ActiveCfg = Debug|Any CPU
		{B6E4E108-B71C-4C4B-98AE-504AA10CCA7E}.Debug|Any CPU.Build.0 = Debug|Any CPU
		{B6E4E108-B71C-4C4B-98AE-504AA10CCA7E}.Release|Any CPU.ActiveCfg = Release|Any CPU
		{B6E4E108-B71C-4C4B-98AE-504AA10CCA7E}.Release|Any CPU.Build.0 = Release|Any CPU
	EndGlobalSection
EndGlobal
